
Microsoft Visual Studio Solution File, Format Version 12.00
# Visual Studio Version 17
VisualStudioVersion = 17.9.34728.123
MinimumVisualStudioVersion = 10.0.40219.1
Project("{FAE04EC0-301F-11D3-BF4B-00C04F79EFBC}") = "PandaMayhem-Painkillers", "PandaMayhem-Painkillers\PandaMayhem-Painkillers.csproj", "{15970F41-E7A6-4E21-A3AF-95196B09930A}"
EndProject
Global
	GlobalSection(SolutionConfigurationPlatforms) = preSolution
		Debug|Any CPU = Debug|Any CPU
		Release|Any CPU = Release|Any CPU
	EndGlobalSection
	GlobalSection(ProjectConfigurationPlatforms) = postSolution
		{15970F41-E7A6-4E21-A3AF-95196B09930A}.Debug|Any CPU.ActiveCfg = Debug|Any CPU
		{15970F41-E7A6-4E21-A3AF-95196B09930A}.Debug|Any CPU.Build.0 = Debug|Any CPU
		{15970F41-E7A6-4E21-A3AF-95196B09930A}.Release|Any CPU.ActiveCfg = Release|Any CPU
		{15970F41-E7A6-4E21-A3AF-95196B09930A}.Release|Any CPU.Build.0 = Release|Any CPU
	EndGlobalSection
	GlobalSection(SolutionProperties) = preSolution
		HideSolutionNode = FALSE
	EndGlobalSection
	GlobalSection(ExtensibilityGlobals) = postSolution
		SolutionGuid = {AFDB3706-EB3D-456C-82E7-79E9A33CC366}
	EndGlobalSection
EndGlobal
